
Microsoft Visual Studio Solution File, Format Version 12.00
# Visual Studio 14
VisualStudioVersion = 14.0.25420.1
MinimumVisualStudioVersion = 10.0.40219.1
Project("{FAE04EC0-301F-11D3-BF4B-00C04F79EFBC}") = "Opdracht1", "week3\Opdracht1.csproj", "{6449211F-0AF5-4804-A454-8C3F47FEAE1E}"
EndProject
Project("{FAE04EC0-301F-11D3-BF4B-00C04F79EFBC}") = "Opdracht2", "Opdracht2\Opdracht2.csproj", "{89BD9579-D91A-4F0D-9E18-AE4FD1277234}"
EndProject
Project("{FAE04EC0-301F-11D3-BF4B-00C04F79EFBC}") = "Opdracht3", "Opdracht3\Opdracht3.csproj", "{FDA4D2FF-C71E-4EC1-8DE3-17E3C40143C6}"
EndProject
Global
	GlobalSection(SolutionConfigurationPlatforms) = preSolution
		Debug|Any CPU = Debug|Any CPU
		Release|Any CPU = Release|Any CPU
	EndGlobalSection
	GlobalSection(ProjectConfigurationPlatforms) = postSolution
		{6449211F-0AF5-4804-A454-8C3F47FEAE1E}.Debug|Any CPU.ActiveCfg = Debug|Any CPU
		{6449211F-0AF5-4804-A454-8C3F47FEAE1E}.Debug|Any CPU.Build.0 = Debug|Any CPU
		{6449211F-0AF5-4804-A454-8C3F47FEAE1E}.Release|Any CPU.ActiveCfg = Release|Any CPU
		{6449211F-0AF5-4804-A454-8C3F47FEAE1E}.Release|Any CPU.Build.0 = Release|Any CPU
		{89BD9579-D91A-4F0D-9E18-AE4FD1277234}.Debug|Any CPU.ActiveCfg = Debug|Any CPU
		{89BD9579-D91A-4F0D-9E18-AE4FD1277234}.Debug|Any CPU.Build.0 = Debug|Any CPU
		{89BD9579-D91A-4F0D-9E18-AE4FD1277234}.Release|Any CPU.ActiveCfg = Release|Any CPU
		{89BD9579-D91A-4F0D-9E18-AE4FD1277234}.Release|Any CPU.Build.0 = Release|Any CPU
		{FDA4D2FF-C71E-4EC1-8DE3-17E3C40143C6}.Debug|Any CPU.ActiveCfg = Debug|Any CPU
		{FDA4D2FF-C71E-4EC1-8DE3-17E3C40143C6}.Debug|Any CPU.Build.0 = Debug|Any CPU
		{FDA4D2FF-C71E-4EC1-8DE3-17E3C40143C6}.Release|Any CPU.ActiveCfg = Release|Any CPU
		{FDA4D2FF-C71E-4EC1-8DE3-17E3C40143C6}.Release|Any CPU.Build.0 = Release|Any CPU
	EndGlobalSection
	GlobalSection(SolutionProperties) = preSolution
		HideSolutionNode = FALSE
	EndGlobalSection
EndGlobal
